Microsoft Visual Studio Solution File, Format Version 10.00
# Visual Studio 2008
Project("{FAE04EC0-301F-11D3-BF4B-00C04F79EFBC}") = "MesFilms", "MesFilms.csproj", "{20BCDBE0-0812-4235-9330-40B8E570DAE1}"
	ProjectSection(ProjectDependencies) = postProject
		{77C78161-3206-45FD-A419-60218F3354C0} = {77C78161-3206-45FD-A419-60218F3354C0}
		{92C183EE-636F-4A55-A6AB-363CDA606110} = {92C183EE-636F-4A55-A6AB-363CDA606110}
	EndProjectSection
EndProject
Project("{FAE04EC0-301F-11D3-BF4B-00C04F79EFBC}") = "Cornerstone.MP", "CornerstoneMP\Cornerstone.MP\Cornerstone.MP.csproj", "{77C78161-3206-45FD-A419-60218F3354C0}"
EndProject
Project("{FAE04EC0-301F-11D3-BF4B-00C04F79EFBC}") = "Grabber", "Grabber\Grabber.csproj", "{92C183EE-636F-4A55-A6AB-363CDA606110}"
EndProject
Project("{2150E333-8FDC-42A3-9474-1A3956D46DE8}") = "Database", "Database", "{883D5404-7545-4767-89CF-D3988A6B7B31}"
EndProject
Project("{FAE04EC0-301F-11D3-BF4B-00C04F79EFBC}") = "Databases", "..\..\Mediaportal\trunk\mediaportal\Databases\Databases.csproj", "{C1BCEC3E-6074-4328-B5D9-391A457C8FFB}"
EndProject
Global
	GlobalSection(SolutionConfigurationPlatforms) = preSolution
		Debug (Guzzi)|Any CPU = Debug (Guzzi)|Any CPU
		Debug (Guzzi)|Mixed Platforms = Debug (Guzzi)|Mixed Platforms
		Debug (Guzzi)|x86 = Debug (Guzzi)|x86
		Debug|Any CPU = Debug|Any CPU
		Debug|Mixed Platforms = Debug|Mixed Platforms
		Debug|x86 = Debug|x86
		Release (Standalone)|Any CPU = Release (Standalone)|Any CPU
		Release (Standalone)|Mixed Platforms = Release (Standalone)|Mixed Platforms
		Release (Standalone)|x86 = Release (Standalone)|x86
		Release|Any CPU = Release|Any CPU
		Release|Mixed Platforms = Release|Mixed Platforms
		Release|x86 = Release|x86
		UseCaptureCardDefinitions|Any CPU = UseCaptureCardDefinitions|Any CPU
		UseCaptureCardDefinitions|Mixed Platforms = UseCaptureCardDefinitions|Mixed Platforms
		UseCaptureCardDefinitions|x86 = UseCaptureCardDefinitions|x86
		UseCaptureDefintionsRelease|Any CPU = UseCaptureDefintionsRelease|Any CPU
		UseCaptureDefintionsRelease|Mixed Platforms = UseCaptureDefintionsRelease|Mixed Platforms
		UseCaptureDefintionsRelease|x86 = UseCaptureDefintionsRelease|x86
	EndGlobalSection
	GlobalSection(ProjectConfigurationPlatforms) = postSolution
		{20BCDBE0-0812-4235-9330-40B8E570DAE1}.Debug (Guzzi)|Any CPU.ActiveCfg = Debug (Guzzi)|Any CPU
		{20BCDBE0-0812-4235-9330-40B8E570DAE1}.Debug (Guzzi)|Any CPU.Build.0 = Debug (Guzzi)|Any CPU
		{20BCDBE0-0812-4235-9330-40B8E570DAE1}.Debug (Guzzi)|Mixed Platforms.ActiveCfg = Debug (Guzzi)|x86
		{20BCDBE0-0812-4235-9330-40B8E570DAE1}.Debug (Guzzi)|Mixed Platforms.Build.0 = Debug (Guzzi)|x86
		{20BCDBE0-0812-4235-9330-40B8E570DAE1}.Debug (Guzzi)|x86.ActiveCfg = Debug (Guzzi)|x86
		{20BCDBE0-0812-4235-9330-40B8E570DAE1}.Debug (Guzzi)|x86.Build.0 = Debug (Guzzi)|x86
		{20BCDBE0-0812-4235-9330-40B8E570DAE1}.Debug|Any CPU.ActiveCfg = Debug|Any CPU
		{20BCDBE0-0812-4235-9330-40B8E570DAE1}.Debug|Any CPU.Build.0 = Debug|Any CPU
		{20BCDBE0-0812-4235-9330-40B8E570DAE1}.Debug|Mixed Platforms.ActiveCfg = Debug|x86
		{20BCDBE0-0812-4235-9330-40B8E570DAE1}.Debug|Mixed Platforms.Build.0 = Debug|x86
		{20BCDBE0-0812-4235-9330-40B8E570DAE1}.Debug|x86.ActiveCfg = Debug|x86
		{20BCDBE0-0812-4235-9330-40B8E570DAE1}.Debug|x86.Build.0 = Debug|x86
		{20BCDBE0-0812-4235-9330-40B8E570DAE1}.Release (Standalone)|Any CPU.ActiveCfg = Release|x86
		{20BCDBE0-0812-4235-9330-40B8E570DAE1}.Release (Standalone)|Mixed Platforms.ActiveCfg = Release|x86
		{20BCDBE0-0812-4235-9330-40B8E570DAE1}.Release (Standalone)|Mixed Platforms.Build.0 = Release|x86
		{20BCDBE0-0812-4235-9330-40B8E570DAE1}.Release (Standalone)|x86.ActiveCfg = Release|x86
		{20BCDBE0-0812-4235-9330-40B8E570DAE1}.Release (Standalone)|x86.Build.0 = Release|x86
		{20BCDBE0-0812-4235-9330-40B8E570DAE1}.Release|Any CPU.ActiveCfg = Release|Any CPU
		{20BCDBE0-0812-4235-9330-40B8E570DAE1}.Release|Any CPU.Build.0 = Release|Any CPU
		{20BCDBE0-0812-4235-9330-40B8E570DAE1}.Release|Mixed Platforms.ActiveCfg = Release|x86
		{20BCDBE0-0812-4235-9330-40B8E570DAE1}.Release|Mixed Platforms.Build.0 = Release|x86
		{20BCDBE0-0812-4235-9330-40B8E570DAE1}.Release|x86.ActiveCfg = Release|x86
		{20BCDBE0-0812-4235-9330-40B8E570DAE1}.Release|x86.Build.0 = Release|x86
		{20BCDBE0-0812-4235-9330-40B8E570DAE1}.UseCaptureCardDefinitions|Any CPU.ActiveCfg = Release|x86
		{20BCDBE0-0812-4235-9330-40B8E570DAE1}.UseCaptureCardDefinitions|Mixed Platforms.ActiveCfg = Release|x86
		{20BCDBE0-0812-4235-9330-40B8E570DAE1}.UseCaptureCardDefinitions|Mixed Platforms.Build.0 = Release|x86
		{20BCDBE0-0812-4235-9330-40B8E570DAE1}.UseCaptureCardDefinitions|x86.ActiveCfg = Release|x86
		{20BCDBE0-0812-4235-9330-40B8E570DAE1}.UseCaptureCardDefinitions|x86.Build.0 = Release|x86
		{20BCDBE0-0812-4235-9330-40B8E570DAE1}.UseCaptureDefintionsRelease|Any CPU.ActiveCfg = Release|Any CPU
		{20BCDBE0-0812-4235-9330-40B8E570DAE1}.UseCaptureDefintionsRelease|Any CPU.Build.0 = Release|Any CPU
		{20BCDBE0-0812-4235-9330-40B8E570DAE1}.UseCaptureDefintionsRelease|Mixed Platforms.ActiveCfg = Release|x86
		{20BCDBE0-0812-4235-9330-40B8E570DAE1}.UseCaptureDefintionsRelease|Mixed Platforms.Build.0 = Release|x86
		{20BCDBE0-0812-4235-9330-40B8E570DAE1}.UseCaptureDefintionsRelease|x86.ActiveCfg = Release|x86
		{20BCDBE0-0812-4235-9330-40B8E570DAE1}.UseCaptureDefintionsRelease|x86.Build.0 = Release|x86
		{77C78161-3206-45FD-A419-60218F3354C0}.Debug (Guzzi)|Any CPU.ActiveCfg = Debug (Guzzi)|Any CPU
		{77C78161-3206-45FD-A419-60218F3354C0}.Debug (Guzzi)|Any CPU.Build.0 = Debug (Guzzi)|Any CPU
		{77C78161-3206-45FD-A419-60218F3354C0}.Debug (Guzzi)|Mixed Platforms.ActiveCfg = Debug (Guzzi)|Any CPU
		{77C78161-3206-45FD-A419-60218F3354C0}.Debug (Guzzi)|Mixed Platforms.Build.0 = Debug (Guzzi)|Any CPU
		{77C78161-3206-45FD-A419-60218F3354C0}.Debug (Guzzi)|x86.ActiveCfg = Debug (Guzzi)|Any CPU
		{77C78161-3206-45FD-A419-60218F3354C0}.Debug|Any CPU.ActiveCfg = Debug|Any CPU
		{77C78161-3206-45FD-A419-60218F3354C0}.Debug|Any CPU.Build.0 = Debug|Any CPU
		{77C78161-3206-45FD-A419-60218F3354C0}.Debug|Mixed Platforms.ActiveCfg = Debug|Any CPU
		{77C78161-3206-45FD-A419-60218F3354C0}.Debug|Mixed Platforms.Build.0 = Debug|Any CPU
		{77C78161-3206-45FD-A419-60218F3354C0}.Debug|x86.ActiveCfg = Debug|Any CPU
		{77C78161-3206-45FD-A419-60218F3354C0}.Debug|x86.Build.0 = Debug|Any CPU
		{77C78161-3206-45FD-A419-60218F3354C0}.Release (Standalone)|Any CPU.ActiveCfg = Release|Any CPU
		{77C78161-3206-45FD-A419-60218F3354C0}.Release (Standalone)|Any CPU.Build.0 = Release|Any CPU
		{77C78161-3206-45FD-A419-60218F3354C0}.Release (Standalone)|Mixed Platforms.ActiveCfg = Release|Any CPU
		{77C78161-3206-45FD-A419-60218F3354C0}.Release (Standalone)|Mixed Platforms.Build.0 = Release|Any CPU
		{77C78161-3206-45FD-A419-60218F3354C0}.Release (Standalone)|x86.ActiveCfg = Release|Any CPU
		{77C78161-3206-45FD-A419-60218F3354C0}.Release|Any CPU.ActiveCfg = Release|Any CPU
		{77C78161-3206-45FD-A419-60218F3354C0}.Release|Any CPU.Build.0 = Release|Any CPU
		{77C78161-3206-45FD-A419-60218F3354C0}.Release|Mixed Platforms.ActiveCfg = Release|Any CPU
		{77C78161-3206-45FD-A419-60218F3354C0}.Release|Mixed Platforms.Build.0 = Release|Any CPU
		{77C78161-3206-45FD-A419-60218F3354C0}.Release|x86.ActiveCfg = Release|Any CPU
		{77C78161-3206-45FD-A419-60218F3354C0}.UseCaptureCardDefinitions|Any CPU.ActiveCfg = Release|Any CPU
		{77C78161-3206-45FD-A419-60218F3354C0}.UseCaptureCardDefinitions|Any CPU.Build.0 = Release|Any CPU
		{77C78161-3206-45FD-A419-60218F3354C0}.UseCaptureCardDefinitions|Mixed Platforms.ActiveCfg = Release|Any CPU
		{77C78161-3206-45FD-A419-60218F3354C0}.UseCaptureCardDefinitions|Mixed Platforms.Build.0 = Release|Any CPU
		{77C78161-3206-45FD-A419-60218F3354C0}.UseCaptureCardDefinitions|x86.ActiveCfg = Release|Any CPU
		{77C78161-3206-45FD-A419-60218F3354C0}.UseCaptureDefintionsRelease|Any CPU.ActiveCfg = Release|Any CPU
		{77C78161-3206-45FD-A419-60218F3354C0}.UseCaptureDefintionsRelease|Any CPU.Build.0 = Release|Any CPU
		{77C78161-3206-45FD-A419-60218F3354C0}.UseCaptureDefintionsRelease|Mixed Platforms.ActiveCfg = Release|Any CPU
		{77C78161-3206-45FD-A419-60218F3354C0}.UseCaptureDefintionsRelease|Mixed Platforms.Build.0 = Release|Any CPU
		{77C78161-3206-45FD-A419-60218F3354C0}.UseCaptureDefintionsRelease|x86.ActiveCfg = Release|Any CPU
		{92C183EE-636F-4A55-A6AB-363CDA606110}.Debug (Guzzi)|Any CPU.ActiveCfg = Debug (Guzzi)|Any CPU
		{92C183EE-636F-4A55-A6AB-363CDA606110}.Debug (Guzzi)|Any CPU.Build.0 = Debug (Guzzi)|Any CPU
		{92C183EE-636F-4A55-A6AB-363CDA606110}.Debug (Guzzi)|Mixed Platforms.ActiveCfg = Debug (Guzzi)|x86
		{92C183EE-636F-4A55-A6AB-363CDA606110}.Debug (Guzzi)|Mixed Platforms.Build.0 = Debug (Guzzi)|x86
		{92C183EE-636F-4A55-A6AB-363CDA606110}.Debug (Guzzi)|x86.ActiveCfg = Debug (Guzzi)|x86
		{92C183EE-636F-4A55-A6AB-363CDA606110}.Debug (Guzzi)|x86.Build.0 = Debug (Guzzi)|x86
		{92C183EE-636F-4A55-A6AB-363CDA606110}.Debug|Any CPU.ActiveCfg = Debug|Any CPU
		{92C183EE-636F-4A55-A6AB-363CDA606110}.Debug|Any CPU.Build.0 = Debug|Any CPU
		{92C183EE-636F-4A55-A6AB-363CDA606110}.Debug|Mixed Platforms.ActiveCfg = Debug|x86
		{92C183EE-636F-4A55-A6AB-363CDA606110}.Debug|Mixed Platforms.Build.0 = Debug|x86
		{92C183EE-636F-4A55-A6AB-363CDA606110}.Debug|x86.ActiveCfg = Debug|x86
		{92C183EE-636F-4A55-A6AB-363CDA606110}.Debug|x86.Build.0 = Debug|x86
		{92C183EE-636F-4A55-A6AB-363CDA606110}.Release (Standalone)|Any CPU.ActiveCfg = Release|x86
		{92C183EE-636F-4A55-A6AB-363CDA606110}.Release (Standalone)|Mixed Platforms.ActiveCfg = Release|x86
		{92C183EE-636F-4A55-A6AB-363CDA606110}.Release (Standalone)|Mixed Platforms.Build.0 = Release|x86
		{92C183EE-636F-4A55-A6AB-363CDA606110}.Release (Standalone)|x86.ActiveCfg = Release|x86
		{92C183EE-636F-4A55-A6AB-363CDA606110}.Release (Standalone)|x86.Build.0 = Release|x86
		{92C183EE-636F-4A55-A6AB-363CDA606110}.Release|Any CPU.ActiveCfg = Release|Any CPU
		{92C183EE-636F-4A55-A6AB-363CDA606110}.Release|Any CPU.Build.0 = Release|Any CPU
		{92C183EE-636F-4A55-A6AB-363CDA606110}.Release|Mixed Platforms.ActiveCfg = Release|x86
		{92C183EE-636F-4A55-A6AB-363CDA606110}.Release|Mixed Platforms.Build.0 = Release|x86
		{92C183EE-636F-4A55-A6AB-363CDA606110}.Release|x86.ActiveCfg = Release|x86
		{92C183EE-636F-4A55-A6AB-363CDA606110}.Release|x86.Build.0 = Release|x86
		{92C183EE-636F-4A55-A6AB-363CDA606110}.UseCaptureCardDefinitions|Any CPU.ActiveCfg = Debug (Guzzi)|x86
		{92C183EE-636F-4A55-A6AB-363CDA606110}.UseCaptureCardDefinitions|Mixed Platforms.ActiveCfg = Debug (Guzzi)|x86
		{92C183EE-636F-4A55-A6AB-363CDA606110}.UseCaptureCardDefinitions|Mixed Platforms.Build.0 = Debug (Guzzi)|x86
		{92C183EE-636F-4A55-A6AB-363CDA606110}.UseCaptureCardDefinitions|x86.ActiveCfg = Debug (Guzzi)|x86
		{92C183EE-636F-4A55-A6AB-363CDA606110}.UseCaptureCardDefinitions|x86.Build.0 = Debug (Guzzi)|x86
		{92C183EE-636F-4A55-A6AB-363CDA606110}.UseCaptureDefintionsRelease|Any CPU.ActiveCfg = Release|Any CPU
		{92C183EE-636F-4A55-A6AB-363CDA606110}.UseCaptureDefintionsRelease|Any CPU.Build.0 = Release|Any CPU
		{92C183EE-636F-4A55-A6AB-363CDA606110}.UseCaptureDefintionsRelease|Mixed Platforms.ActiveCfg = Release|x86
		{92C183EE-636F-4A55-A6AB-363CDA606110}.UseCaptureDefintionsRelease|Mixed Platforms.Build.0 = Release|x86
		{92C183EE-636F-4A55-A6AB-363CDA606110}.UseCaptureDefintionsRelease|x86.ActiveCfg = Release|x86
		{92C183EE-636F-4A55-A6AB-363CDA606110}.UseCaptureDefintionsRelease|x86.Build.0 = Release|x86
		{C1BCEC3E-6074-4328-B5D9-391A457C8FFB}.Debug (Guzzi)|Any CPU.ActiveCfg = Debug|x86
		{C1BCEC3E-6074-4328-B5D9-391A457C8FFB}.Debug (Guzzi)|Mixed Platforms.ActiveCfg = Debug|x86
		{C1BCEC3E-6074-4328-B5D9-391A457C8FFB}.Debug (Guzzi)|Mixed Platforms.Build.0 = Debug|x86
		{C1BCEC3E-6074-4328-B5D9-391A457C8FFB}.Debug (Guzzi)|x86.ActiveCfg = Debug|x86
		{C1BCEC3E-6074-4328-B5D9-391A457C8FFB}.Debug (Guzzi)|x86.Build.0 = Debug|x86
		{C1BCEC3E-6074-4328-B5D9-391A457C8FFB}.Debug|Any CPU.ActiveCfg = Debug|Any CPU
		{C1BCEC3E-6074-4328-B5D9-391A457C8FFB}.Debug|Any CPU.Build.0 = Debug|Any CPU
		{C1BCEC3E-6074-4328-B5D9-391A457C8FFB}.Debug|Mixed Platforms.ActiveCfg = Debug|x86
		{C1BCEC3E-6074-4328-B5D9-391A457C8FFB}.Debug|Mixed Platforms.Build.0 = Debug|x86
		{C1BCEC3E-6074-4328-B5D9-391A457C8FFB}.Debug|x86.ActiveCfg = Debug|x86
		{C1BCEC3E-6074-4328-B5D9-391A457C8FFB}.Debug|x86.Build.0 = Debug|x86
		{C1BCEC3E-6074-4328-B5D9-391A457C8FFB}.Release (Standalone)|Any CPU.ActiveCfg = Release|x86
		{C1BCEC3E-6074-4328-B5D9-391A457C8FFB}.Release (Standalone)|Mixed Platforms.ActiveCfg = Release|x86
		{C1BCEC3E-6074-4328-B5D9-391A457C8FFB}.Release (Standalone)|Mixed Platforms.Build.0 = Release|x86
		{C1BCEC3E-6074-4328-B5D9-391A457C8FFB}.Release (Standalone)|x86.ActiveCfg = Release|x86
		{C1BCEC3E-6074-4328-B5D9-391A457C8FFB}.Release (Standalone)|x86.Build.0 = Release|x86
		{C1BCEC3E-6074-4328-B5D9-391A457C8FFB}.Release|Any CPU.ActiveCfg = Release|Any CPU
		{C1BCEC3E-6074-4328-B5D9-391A457C8FFB}.Release|Any CPU.Build.0 = Release|Any CPU
		{C1BCEC3E-6074-4328-B5D9-391A457C8FFB}.Release|Mixed Platforms.ActiveCfg = Release|x86
		{C1BCEC3E-6074-4328-B5D9-391A457C8FFB}.Release|Mixed Platforms.Build.0 = Release|x86
		{C1BCEC3E-6074-4328-B5D9-391A457C8FFB}.Release|x86.ActiveCfg = Release|x86
		{C1BCEC3E-6074-4328-B5D9-391A457C8FFB}.Release|x86.Build.0 = Release|x86
		{C1BCEC3E-6074-4328-B5D9-391A457C8FFB}.UseCaptureCardDefinitions|Any CPU.ActiveCfg = UseCaptureCardDefinitions|Any CPU
		{C1BCEC3E-6074-4328-B5D9-391A457C8FFB}.UseCaptureCardDefinitions|Any CPU.Build.0 = UseCaptureCardDefinitions|Any CPU
		{C1BCEC3E-6074-4328-B5D9-391A457C8FFB}.UseCaptureCardDefinitions|Mixed Platforms.ActiveCfg = UseCaptureCardDefinitions|x86
		{C1BCEC3E-6074-4328-B5D9-391A457C8FFB}.UseCaptureCardDefinitions|Mixed Platforms.Build.0 = UseCaptureCardDefinitions|x86
		{C1BCEC3E-6074-4328-B5D9-391A457C8FFB}.UseCaptureCardDefinitions|x86.ActiveCfg = UseCaptureCardDefinitions|x86
		{C1BCEC3E-6074-4328-B5D9-391A457C8FFB}.UseCaptureCardDefinitions|x86.Build.0 = UseCaptureCardDefinitions|x86
		{C1BCEC3E-6074-4328-B5D9-391A457C8FFB}.UseCaptureDefintionsRelease|Any CPU.ActiveCfg = UseCaptureDefintionsRelease|Any CPU
		{C1BCEC3E-6074-4328-B5D9-391A457C8FFB}.UseCaptureDefintionsRelease|Any CPU.Build.0 = UseCaptureDefintionsRelease|Any CPU
		{C1BCEC3E-6074-4328-B5D9-391A457C8FFB}.UseCaptureDefintionsRelease|Mixed Platforms.ActiveCfg = UseCaptureDefintionsRelease|x86
		{C1BCEC3E-6074-4328-B5D9-391A457C8FFB}.UseCaptureDefintionsRelease|Mixed Platforms.Build.0 = UseCaptureDefintionsRelease|x86
		{C1BCEC3E-6074-4328-B5D9-391A457C8FFB}.UseCaptureDefintionsRelease|x86.ActiveCfg = UseCaptureDefintionsRelease|x86
		{C1BCEC3E-6074-4328-B5D9-391A457C8FFB}.UseCaptureDefintionsRelease|x86.Build.0 = UseCaptureDefintionsRelease|x86
	EndGlobalSection
	GlobalSection(SolutionProperties) = preSolution
		HideSolutionNode = FALSE
	EndGlobalSection
	GlobalSection(NestedProjects) = preSolution
		{C1BCEC3E-6074-4328-B5D9-391A457C8FFB} = {883D5404-7545-4767-89CF-D3988A6B7B31}
	EndGlobalSection
EndGlobal
