
Microsoft Visual Studio Solution File, Format Version 10.00
# Visual Studio 2008
Project("{FAE04EC0-301F-11D3-BF4B-00C04F79EFBC}") = "Grabber", "Grabber\Grabber.csproj", "{92C183EE-636F-4A55-A6AB-363CDA606110}"
EndProject
Project("{FAE04EC0-301F-11D3-BF4B-00C04F79EFBC}") = "Grabber_Interface", "Grabber_Interface\Grabber_Interface.csproj", "{CFA9C7A2-D09D-409C-9E50-862D72CB9F48}"
EndProject
Project("{FAE04EC0-301F-11D3-BF4B-00C04F79EFBC}") = "Grabber_Plugin", "Grabber_Plugin\Grabber_Plugin.csproj", "{307F46D7-0620-4EA0-BBA8-8A27037CA75D}"
	ProjectSection(ProjectDependencies) = postProject
		{92C183EE-636F-4A55-A6AB-363CDA606110} = {92C183EE-636F-4A55-A6AB-363CDA606110}
	EndProjectSection
EndProject
Project("{FAE04EC0-301F-11D3-BF4B-00C04F79EFBC}") = "MovingPicturesXML", "MovingPicturesXML\movingpicturesxml\MovingPicturesXML.csproj", "{4BBFEA03-7865-4FB2-A86E-B0FB0C33ED18}"
EndProject
Project("{F184B08F-C81C-45F6-A57F-5ABD9991F28F}") = "AMCUpdater", "AMCupdater\AMCUpdater\AMCUpdater.vbproj", "{6B6B4D52-6F95-4ACD-9F65-9AB06D8F9DF4}"
EndProject
Project("{54435603-DBB4-11D2-8724-00A0C9A8B90C}") = "AMCUpdaterSetup", "AMCupdater\AMCUpdaterSetup\AMCUpdaterSetup.vdproj", "{37FA1F82-54BF-4A6B-AC14-90C09FBEB106}"
EndProject
Project("{FAE04EC0-301F-11D3-BF4B-00C04F79EFBC}") = "MyFilmsPlugin", "MyFilms\MyFilmsPlugin.csproj", "{20BCDBE0-0812-4235-9330-40B8E570DAE1}"
EndProject
Global
	GlobalSection(SolutionConfigurationPlatforms) = preSolution
		Debug (Guzzi)|Any CPU = Debug (Guzzi)|Any CPU
		Debug (Guzzi)|Mixed Platforms = Debug (Guzzi)|Mixed Platforms
		Debug (Guzzi)|x64 = Debug (Guzzi)|x64
		Debug (Guzzi)|x86 = Debug (Guzzi)|x86
		Debug|Any CPU = Debug|Any CPU
		Debug|Mixed Platforms = Debug|Mixed Platforms
		Debug|x64 = Debug|x64
		Debug|x86 = Debug|x86
		Release (Standalone)|Any CPU = Release (Standalone)|Any CPU
		Release (Standalone)|Mixed Platforms = Release (Standalone)|Mixed Platforms
		Release (Standalone)|x64 = Release (Standalone)|x64
		Release (Standalone)|x86 = Release (Standalone)|x86
		Release|Any CPU = Release|Any CPU
		Release|Mixed Platforms = Release|Mixed Platforms
		Release|x64 = Release|x64
		Release|x86 = Release|x86
		UseCaptureCardDefinitions|Any CPU = UseCaptureCardDefinitions|Any CPU
		UseCaptureCardDefinitions|Mixed Platforms = UseCaptureCardDefinitions|Mixed Platforms
		UseCaptureCardDefinitions|x64 = UseCaptureCardDefinitions|x64
		UseCaptureCardDefinitions|x86 = UseCaptureCardDefinitions|x86
		UseCaptureDefintionsRelease|Any CPU = UseCaptureDefintionsRelease|Any CPU
		UseCaptureDefintionsRelease|Mixed Platforms = UseCaptureDefintionsRelease|Mixed Platforms
		UseCaptureDefintionsRelease|x64 = UseCaptureDefintionsRelease|x64
		UseCaptureDefintionsRelease|x86 = UseCaptureDefintionsRelease|x86
	EndGlobalSection
	GlobalSection(ProjectConfigurationPlatforms) = postSolution
		{92C183EE-636F-4A55-A6AB-363CDA606110}.Debug (Guzzi)|Any CPU.ActiveCfg = Debug (Guzzi)|Any CPU
		{92C183EE-636F-4A55-A6AB-363CDA606110}.Debug (Guzzi)|Any CPU.Build.0 = Debug (Guzzi)|Any CPU
		{92C183EE-636F-4A55-A6AB-363CDA606110}.Debug (Guzzi)|Mixed Platforms.ActiveCfg = Debug (Guzzi)|x86
		{92C183EE-636F-4A55-A6AB-363CDA606110}.Debug (Guzzi)|Mixed Platforms.Build.0 = Debug (Guzzi)|x86
		{92C183EE-636F-4A55-A6AB-363CDA606110}.Debug (Guzzi)|x64.ActiveCfg = Debug (Guzzi)|x86
		{92C183EE-636F-4A55-A6AB-363CDA606110}.Debug (Guzzi)|x86.ActiveCfg = Debug (Guzzi)|x86
		{92C183EE-636F-4A55-A6AB-363CDA606110}.Debug (Guzzi)|x86.Build.0 = Debug (Guzzi)|x86
		{92C183EE-636F-4A55-A6AB-363CDA606110}.Debug|Any CPU.ActiveCfg = Debug|Any CPU
		{92C183EE-636F-4A55-A6AB-363CDA606110}.Debug|Any CPU.Build.0 = Debug|Any CPU
		{92C183EE-636F-4A55-A6AB-363CDA606110}.Debug|Mixed Platforms.ActiveCfg = Debug|x86
		{92C183EE-636F-4A55-A6AB-363CDA606110}.Debug|Mixed Platforms.Build.0 = Debug|x86
		{92C183EE-636F-4A55-A6AB-363CDA606110}.Debug|x64.ActiveCfg = Debug|x86
		{92C183EE-636F-4A55-A6AB-363CDA606110}.Debug|x86.ActiveCfg = Debug|x86
		{92C183EE-636F-4A55-A6AB-363CDA606110}.Debug|x86.Build.0 = Debug|x86
		{92C183EE-636F-4A55-A6AB-363CDA606110}.Release (Standalone)|Any CPU.ActiveCfg = Release|x86
		{92C183EE-636F-4A55-A6AB-363CDA606110}.Release (Standalone)|Mixed Platforms.ActiveCfg = Release|x86
		{92C183EE-636F-4A55-A6AB-363CDA606110}.Release (Standalone)|Mixed Platforms.Build.0 = Release|x86
		{92C183EE-636F-4A55-A6AB-363CDA606110}.Release (Standalone)|x64.ActiveCfg = Release|x86
		{92C183EE-636F-4A55-A6AB-363CDA606110}.Release (Standalone)|x86.ActiveCfg = Release|x86
		{92C183EE-636F-4A55-A6AB-363CDA606110}.Release (Standalone)|x86.Build.0 = Release|x86
		{92C183EE-636F-4A55-A6AB-363CDA606110}.Release|Any CPU.ActiveCfg = Release|Any CPU
		{92C183EE-636F-4A55-A6AB-363CDA606110}.Release|Any CPU.Build.0 = Release|Any CPU
		{92C183EE-636F-4A55-A6AB-363CDA606110}.Release|Mixed Platforms.ActiveCfg = Release|x86
		{92C183EE-636F-4A55-A6AB-363CDA606110}.Release|Mixed Platforms.Build.0 = Release|x86
		{92C183EE-636F-4A55-A6AB-363CDA606110}.Release|x64.ActiveCfg = Release|x86
		{92C183EE-636F-4A55-A6AB-363CDA606110}.Release|x86.ActiveCfg = Release|x86
		{92C183EE-636F-4A55-A6AB-363CDA606110}.Release|x86.Build.0 = Release|x86
		{92C183EE-636F-4A55-A6AB-363CDA606110}.UseCaptureCardDefinitions|Any CPU.ActiveCfg = Debug (Guzzi)|x86
		{92C183EE-636F-4A55-A6AB-363CDA606110}.UseCaptureCardDefinitions|Mixed Platforms.ActiveCfg = Debug (Guzzi)|x86
		{92C183EE-636F-4A55-A6AB-363CDA606110}.UseCaptureCardDefinitions|Mixed Platforms.Build.0 = Debug (Guzzi)|x86
		{92C183EE-636F-4A55-A6AB-363CDA606110}.UseCaptureCardDefinitions|x64.ActiveCfg = Debug (Guzzi)|x86
		{92C183EE-636F-4A55-A6AB-363CDA606110}.UseCaptureCardDefinitions|x86.ActiveCfg = Debug (Guzzi)|x86
		{92C183EE-636F-4A55-A6AB-363CDA606110}.UseCaptureCardDefinitions|x86.Build.0 = Debug (Guzzi)|x86
		{92C183EE-636F-4A55-A6AB-363CDA606110}.UseCaptureDefintionsRelease|Any CPU.ActiveCfg = Release|Any CPU
		{92C183EE-636F-4A55-A6AB-363CDA606110}.UseCaptureDefintionsRelease|Any CPU.Build.0 = Release|Any CPU
		{92C183EE-636F-4A55-A6AB-363CDA606110}.UseCaptureDefintionsRelease|Mixed Platforms.ActiveCfg = Release|x86
		{92C183EE-636F-4A55-A6AB-363CDA606110}.UseCaptureDefintionsRelease|Mixed Platforms.Build.0 = Release|x86
		{92C183EE-636F-4A55-A6AB-363CDA606110}.UseCaptureDefintionsRelease|x64.ActiveCfg = Release|x86
		{92C183EE-636F-4A55-A6AB-363CDA606110}.UseCaptureDefintionsRelease|x86.ActiveCfg = Release|x86
		{92C183EE-636F-4A55-A6AB-363CDA606110}.UseCaptureDefintionsRelease|x86.Build.0 = Release|x86
		{CFA9C7A2-D09D-409C-9E50-862D72CB9F48}.Debug (Guzzi)|Any CPU.ActiveCfg = Debug|Any CPU
		{CFA9C7A2-D09D-409C-9E50-862D72CB9F48}.Debug (Guzzi)|Any CPU.Build.0 = Debug|Any CPU
		{CFA9C7A2-D09D-409C-9E50-862D72CB9F48}.Debug (Guzzi)|Mixed Platforms.ActiveCfg = Debug|Any CPU
		{CFA9C7A2-D09D-409C-9E50-862D72CB9F48}.Debug (Guzzi)|Mixed Platforms.Build.0 = Debug|Any CPU
		{CFA9C7A2-D09D-409C-9E50-862D72CB9F48}.Debug (Guzzi)|x64.ActiveCfg = Debug|Any CPU
		{CFA9C7A2-D09D-409C-9E50-862D72CB9F48}.Debug (Guzzi)|x86.ActiveCfg = Debug|Any CPU
		{CFA9C7A2-D09D-409C-9E50-862D72CB9F48}.Debug|Any CPU.ActiveCfg = Debug|Any CPU
		{CFA9C7A2-D09D-409C-9E50-862D72CB9F48}.Debug|Any CPU.Build.0 = Debug|Any CPU
		{CFA9C7A2-D09D-409C-9E50-862D72CB9F48}.Debug|Mixed Platforms.ActiveCfg = Debug|Any CPU
		{CFA9C7A2-D09D-409C-9E50-862D72CB9F48}.Debug|Mixed Platforms.Build.0 = Debug|Any CPU
		{CFA9C7A2-D09D-409C-9E50-862D72CB9F48}.Debug|x64.ActiveCfg = Debug|Any CPU
		{CFA9C7A2-D09D-409C-9E50-862D72CB9F48}.Debug|x86.ActiveCfg = Debug|Any CPU
		{CFA9C7A2-D09D-409C-9E50-862D72CB9F48}.Debug|x86.Build.0 = Debug|Any CPU
		{CFA9C7A2-D09D-409C-9E50-862D72CB9F48}.Release (Standalone)|Any CPU.ActiveCfg = Release|Any CPU
		{CFA9C7A2-D09D-409C-9E50-862D72CB9F48}.Release (Standalone)|Any CPU.Build.0 = Release|Any CPU
		{CFA9C7A2-D09D-409C-9E50-862D72CB9F48}.Release (Standalone)|Mixed Platforms.ActiveCfg = Release|Any CPU
		{CFA9C7A2-D09D-409C-9E50-862D72CB9F48}.Release (Standalone)|Mixed Platforms.Build.0 = Release|Any CPU
		{CFA9C7A2-D09D-409C-9E50-862D72CB9F48}.Release (Standalone)|x64.ActiveCfg = Release|Any CPU
		{CFA9C7A2-D09D-409C-9E50-862D72CB9F48}.Release (Standalone)|x86.ActiveCfg = Release|Any CPU
		{CFA9C7A2-D09D-409C-9E50-862D72CB9F48}.Release|Any CPU.ActiveCfg = Release|Any CPU
		{CFA9C7A2-D09D-409C-9E50-862D72CB9F48}.Release|Any CPU.Build.0 = Release|Any CPU
		{CFA9C7A2-D09D-409C-9E50-862D72CB9F48}.Release|Mixed Platforms.ActiveCfg = Release|Any CPU
		{CFA9C7A2-D09D-409C-9E50-862D72CB9F48}.Release|Mixed Platforms.Build.0 = Release|Any CPU
		{CFA9C7A2-D09D-409C-9E50-862D72CB9F48}.Release|x64.ActiveCfg = Release|Any CPU
		{CFA9C7A2-D09D-409C-9E50-862D72CB9F48}.Release|x86.ActiveCfg = Release|Any CPU
		{CFA9C7A2-D09D-409C-9E50-862D72CB9F48}.UseCaptureCardDefinitions|Any CPU.ActiveCfg = Release|Any CPU
		{CFA9C7A2-D09D-409C-9E50-862D72CB9F48}.UseCaptureCardDefinitions|Any CPU.Build.0 = Release|Any CPU
		{CFA9C7A2-D09D-409C-9E50-862D72CB9F48}.UseCaptureCardDefinitions|Mixed Platforms.ActiveCfg = Release|Any CPU
		{CFA9C7A2-D09D-409C-9E50-862D72CB9F48}.UseCaptureCardDefinitions|Mixed Platforms.Build.0 = Release|Any CPU
		{CFA9C7A2-D09D-409C-9E50-862D72CB9F48}.UseCaptureCardDefinitions|x64.ActiveCfg = Release|Any CPU
		{CFA9C7A2-D09D-409C-9E50-862D72CB9F48}.UseCaptureCardDefinitions|x86.ActiveCfg = Release|Any CPU
		{CFA9C7A2-D09D-409C-9E50-862D72CB9F48}.UseCaptureDefintionsRelease|Any CPU.ActiveCfg = Release|Any CPU
		{CFA9C7A2-D09D-409C-9E50-862D72CB9F48}.UseCaptureDefintionsRelease|Any CPU.Build.0 = Release|Any CPU
		{CFA9C7A2-D09D-409C-9E50-862D72CB9F48}.UseCaptureDefintionsRelease|Mixed Platforms.ActiveCfg = Release|Any CPU
		{CFA9C7A2-D09D-409C-9E50-862D72CB9F48}.UseCaptureDefintionsRelease|Mixed Platforms.Build.0 = Release|Any CPU
		{CFA9C7A2-D09D-409C-9E50-862D72CB9F48}.UseCaptureDefintionsRelease|x64.ActiveCfg = Release|Any CPU
		{CFA9C7A2-D09D-409C-9E50-862D72CB9F48}.UseCaptureDefintionsRelease|x86.ActiveCfg = Release|Any CPU
		{307F46D7-0620-4EA0-BBA8-8A27037CA75D}.Debug (Guzzi)|Any CPU.ActiveCfg = Debug|Any CPU
		{307F46D7-0620-4EA0-BBA8-8A27037CA75D}.Debug (Guzzi)|Any CPU.Build.0 = Debug|Any CPU
		{307F46D7-0620-4EA0-BBA8-8A27037CA75D}.Debug (Guzzi)|Mixed Platforms.ActiveCfg = Debug|Any CPU
		{307F46D7-0620-4EA0-BBA8-8A27037CA75D}.Debug (Guzzi)|Mixed Platforms.Build.0 = Debug|Any CPU
		{307F46D7-0620-4EA0-BBA8-8A27037CA75D}.Debug (Guzzi)|x64.ActiveCfg = Debug|Any CPU
		{307F46D7-0620-4EA0-BBA8-8A27037CA75D}.Debug (Guzzi)|x86.ActiveCfg = Debug|Any CPU
		{307F46D7-0620-4EA0-BBA8-8A27037CA75D}.Debug|Any CPU.ActiveCfg = Debug|Any CPU
		{307F46D7-0620-4EA0-BBA8-8A27037CA75D}.Debug|Any CPU.Build.0 = Debug|Any CPU
		{307F46D7-0620-4EA0-BBA8-8A27037CA75D}.Debug|Mixed Platforms.ActiveCfg = Debug|Any CPU
		{307F46D7-0620-4EA0-BBA8-8A27037CA75D}.Debug|Mixed Platforms.Build.0 = Debug|Any CPU
		{307F46D7-0620-4EA0-BBA8-8A27037CA75D}.Debug|x64.ActiveCfg = Debug|Any CPU
		{307F46D7-0620-4EA0-BBA8-8A27037CA75D}.Debug|x86.ActiveCfg = Debug|Any CPU
		{307F46D7-0620-4EA0-BBA8-8A27037CA75D}.Debug|x86.Build.0 = Debug|Any CPU
		{307F46D7-0620-4EA0-BBA8-8A27037CA75D}.Release (Standalone)|Any CPU.ActiveCfg = Release|Any CPU
		{307F46D7-0620-4EA0-BBA8-8A27037CA75D}.Release (Standalone)|Any CPU.Build.0 = Release|Any CPU
		{307F46D7-0620-4EA0-BBA8-8A27037CA75D}.Release (Standalone)|Mixed Platforms.ActiveCfg = Release|Any CPU
		{307F46D7-0620-4EA0-BBA8-8A27037CA75D}.Release (Standalone)|Mixed Platforms.Build.0 = Release|Any CPU
		{307F46D7-0620-4EA0-BBA8-8A27037CA75D}.Release (Standalone)|x64.ActiveCfg = Release|Any CPU
		{307F46D7-0620-4EA0-BBA8-8A27037CA75D}.Release (Standalone)|x86.ActiveCfg = Release|Any CPU
		{307F46D7-0620-4EA0-BBA8-8A27037CA75D}.Release|Any CPU.ActiveCfg = Release|Any CPU
		{307F46D7-0620-4EA0-BBA8-8A27037CA75D}.Release|Any CPU.Build.0 = Release|Any CPU
		{307F46D7-0620-4EA0-BBA8-8A27037CA75D}.Release|Mixed Platforms.ActiveCfg = Release|Any CPU
		{307F46D7-0620-4EA0-BBA8-8A27037CA75D}.Release|Mixed Platforms.Build.0 = Release|Any CPU
		{307F46D7-0620-4EA0-BBA8-8A27037CA75D}.Release|x64.ActiveCfg = Release|Any CPU
		{307F46D7-0620-4EA0-BBA8-8A27037CA75D}.Release|x86.ActiveCfg = Release|Any CPU
		{307F46D7-0620-4EA0-BBA8-8A27037CA75D}.UseCaptureCardDefinitions|Any CPU.ActiveCfg = Release|Any CPU
		{307F46D7-0620-4EA0-BBA8-8A27037CA75D}.UseCaptureCardDefinitions|Any CPU.Build.0 = Release|Any CPU
		{307F46D7-0620-4EA0-BBA8-8A27037CA75D}.UseCaptureCardDefinitions|Mixed Platforms.ActiveCfg = Release|Any CPU
		{307F46D7-0620-4EA0-BBA8-8A27037CA75D}.UseCaptureCardDefinitions|Mixed Platforms.Build.0 = Release|Any CPU
		{307F46D7-0620-4EA0-BBA8-8A27037CA75D}.UseCaptureCardDefinitions|x64.ActiveCfg = Release|Any CPU
		{307F46D7-0620-4EA0-BBA8-8A27037CA75D}.UseCaptureCardDefinitions|x86.ActiveCfg = Release|Any CPU
		{307F46D7-0620-4EA0-BBA8-8A27037CA75D}.UseCaptureDefintionsRelease|Any CPU.ActiveCfg = Release|Any CPU
		{307F46D7-0620-4EA0-BBA8-8A27037CA75D}.UseCaptureDefintionsRelease|Any CPU.Build.0 = Release|Any CPU
		{307F46D7-0620-4EA0-BBA8-8A27037CA75D}.UseCaptureDefintionsRelease|Mixed Platforms.ActiveCfg = Release|Any CPU
		{307F46D7-0620-4EA0-BBA8-8A27037CA75D}.UseCaptureDefintionsRelease|Mixed Platforms.Build.0 = Release|Any CPU
		{307F46D7-0620-4EA0-BBA8-8A27037CA75D}.UseCaptureDefintionsRelease|x64.ActiveCfg = Release|Any CPU
		{307F46D7-0620-4EA0-BBA8-8A27037CA75D}.UseCaptureDefintionsRelease|x86.ActiveCfg = Release|Any CPU
		{4BBFEA03-7865-4FB2-A86E-B0FB0C33ED18}.Debug (Guzzi)|Any CPU.ActiveCfg = Debug|Any CPU
		{4BBFEA03-7865-4FB2-A86E-B0FB0C33ED18}.Debug (Guzzi)|Any CPU.Build.0 = Debug|Any CPU
		{4BBFEA03-7865-4FB2-A86E-B0FB0C33ED18}.Debug (Guzzi)|Mixed Platforms.ActiveCfg = Debug|Any CPU
		{4BBFEA03-7865-4FB2-A86E-B0FB0C33ED18}.Debug (Guzzi)|Mixed Platforms.Build.0 = Debug|Any CPU
		{4BBFEA03-7865-4FB2-A86E-B0FB0C33ED18}.Debug (Guzzi)|x64.ActiveCfg = Debug|Any CPU
		{4BBFEA03-7865-4FB2-A86E-B0FB0C33ED18}.Debug (Guzzi)|x86.ActiveCfg = Debug|Any CPU
		{4BBFEA03-7865-4FB2-A86E-B0FB0C33ED18}.Debug|Any CPU.ActiveCfg = Debug|Any CPU
		{4BBFEA03-7865-4FB2-A86E-B0FB0C33ED18}.Debug|Any CPU.Build.0 = Debug|Any CPU
		{4BBFEA03-7865-4FB2-A86E-B0FB0C33ED18}.Debug|Mixed Platforms.ActiveCfg = Debug|Any CPU
		{4BBFEA03-7865-4FB2-A86E-B0FB0C33ED18}.Debug|Mixed Platforms.Build.0 = Debug|Any CPU
		{4BBFEA03-7865-4FB2-A86E-B0FB0C33ED18}.Debug|x64.ActiveCfg = Debug|Any CPU
		{4BBFEA03-7865-4FB2-A86E-B0FB0C33ED18}.Debug|x86.ActiveCfg = Debug|Any CPU
		{4BBFEA03-7865-4FB2-A86E-B0FB0C33ED18}.Debug|x86.Build.0 = Debug|Any CPU
		{4BBFEA03-7865-4FB2-A86E-B0FB0C33ED18}.Release (Standalone)|Any CPU.ActiveCfg = Release|Any CPU
		{4BBFEA03-7865-4FB2-A86E-B0FB0C33ED18}.Release (Standalone)|Any CPU.Build.0 = Release|Any CPU
		{4BBFEA03-7865-4FB2-A86E-B0FB0C33ED18}.Release (Standalone)|Mixed Platforms.ActiveCfg = Release|Any CPU
		{4BBFEA03-7865-4FB2-A86E-B0FB0C33ED18}.Release (Standalone)|Mixed Platforms.Build.0 = Release|Any CPU
		{4BBFEA03-7865-4FB2-A86E-B0FB0C33ED18}.Release (Standalone)|x64.ActiveCfg = Release|Any CPU
		{4BBFEA03-7865-4FB2-A86E-B0FB0C33ED18}.Release (Standalone)|x86.ActiveCfg = Release|Any CPU
		{4BBFEA03-7865-4FB2-A86E-B0FB0C33ED18}.Release|Any CPU.ActiveCfg = Release|Any CPU
		{4BBFEA03-7865-4FB2-A86E-B0FB0C33ED18}.Release|Any CPU.Build.0 = Release|Any CPU
		{4BBFEA03-7865-4FB2-A86E-B0FB0C33ED18}.Release|Mixed Platforms.ActiveCfg = Release|Any CPU
		{4BBFEA03-7865-4FB2-A86E-B0FB0C33ED18}.Release|Mixed Platforms.Build.0 = Release|Any CPU
		{4BBFEA03-7865-4FB2-A86E-B0FB0C33ED18}.Release|x64.ActiveCfg = Release|Any CPU
		{4BBFEA03-7865-4FB2-A86E-B0FB0C33ED18}.Release|x86.ActiveCfg = Release|Any CPU
		{4BBFEA03-7865-4FB2-A86E-B0FB0C33ED18}.UseCaptureCardDefinitions|Any CPU.ActiveCfg = Release|Any CPU
		{4BBFEA03-7865-4FB2-A86E-B0FB0C33ED18}.UseCaptureCardDefinitions|Any CPU.Build.0 = Release|Any CPU
		{4BBFEA03-7865-4FB2-A86E-B0FB0C33ED18}.UseCaptureCardDefinitions|Mixed Platforms.ActiveCfg = Release|Any CPU
		{4BBFEA03-7865-4FB2-A86E-B0FB0C33ED18}.UseCaptureCardDefinitions|Mixed Platforms.Build.0 = Release|Any CPU
		{4BBFEA03-7865-4FB2-A86E-B0FB0C33ED18}.UseCaptureCardDefinitions|x64.ActiveCfg = Release|Any CPU
		{4BBFEA03-7865-4FB2-A86E-B0FB0C33ED18}.UseCaptureCardDefinitions|x86.ActiveCfg = Release|Any CPU
		{4BBFEA03-7865-4FB2-A86E-B0FB0C33ED18}.UseCaptureDefintionsRelease|Any CPU.ActiveCfg = Release|Any CPU
		{4BBFEA03-7865-4FB2-A86E-B0FB0C33ED18}.UseCaptureDefintionsRelease|Any CPU.Build.0 = Release|Any CPU
		{4BBFEA03-7865-4FB2-A86E-B0FB0C33ED18}.UseCaptureDefintionsRelease|Mixed Platforms.ActiveCfg = Release|Any CPU
		{4BBFEA03-7865-4FB2-A86E-B0FB0C33ED18}.UseCaptureDefintionsRelease|Mixed Platforms.Build.0 = Release|Any CPU
		{4BBFEA03-7865-4FB2-A86E-B0FB0C33ED18}.UseCaptureDefintionsRelease|x64.ActiveCfg = Release|Any CPU
		{4BBFEA03-7865-4FB2-A86E-B0FB0C33ED18}.UseCaptureDefintionsRelease|x86.ActiveCfg = Release|Any CPU
		{6B6B4D52-6F95-4ACD-9F65-9AB06D8F9DF4}.Debug (Guzzi)|Any CPU.ActiveCfg = Debug|x86
		{6B6B4D52-6F95-4ACD-9F65-9AB06D8F9DF4}.Debug (Guzzi)|Mixed Platforms.ActiveCfg = Debug|x86
		{6B6B4D52-6F95-4ACD-9F65-9AB06D8F9DF4}.Debug (Guzzi)|Mixed Platforms.Build.0 = Debug|x86
		{6B6B4D52-6F95-4ACD-9F65-9AB06D8F9DF4}.Debug (Guzzi)|x64.ActiveCfg = Debug|x86
		{6B6B4D52-6F95-4ACD-9F65-9AB06D8F9DF4}.Debug (Guzzi)|x86.ActiveCfg = Debug|x86
		{6B6B4D52-6F95-4ACD-9F65-9AB06D8F9DF4}.Debug (Guzzi)|x86.Build.0 = Debug|x86
		{6B6B4D52-6F95-4ACD-9F65-9AB06D8F9DF4}.Debug|Any CPU.ActiveCfg = Debug|Any CPU
		{6B6B4D52-6F95-4ACD-9F65-9AB06D8F9DF4}.Debug|Any CPU.Build.0 = Debug|Any CPU
		{6B6B4D52-6F95-4ACD-9F65-9AB06D8F9DF4}.Debug|Mixed Platforms.ActiveCfg = Debug|x86
		{6B6B4D52-6F95-4ACD-9F65-9AB06D8F9DF4}.Debug|Mixed Platforms.Build.0 = Debug|x86
		{6B6B4D52-6F95-4ACD-9F65-9AB06D8F9DF4}.Debug|x64.ActiveCfg = Debug|x64
		{6B6B4D52-6F95-4ACD-9F65-9AB06D8F9DF4}.Debug|x64.Build.0 = Debug|x64
		{6B6B4D52-6F95-4ACD-9F65-9AB06D8F9DF4}.Debug|x86.ActiveCfg = Debug|x86
		{6B6B4D52-6F95-4ACD-9F65-9AB06D8F9DF4}.Debug|x86.Build.0 = Debug|x86
		{6B6B4D52-6F95-4ACD-9F65-9AB06D8F9DF4}.Release (Standalone)|Any CPU.ActiveCfg = Release|x86
		{6B6B4D52-6F95-4ACD-9F65-9AB06D8F9DF4}.Release (Standalone)|Mixed Platforms.ActiveCfg = Release|x86
		{6B6B4D52-6F95-4ACD-9F65-9AB06D8F9DF4}.Release (Standalone)|Mixed Platforms.Build.0 = Release|x86
		{6B6B4D52-6F95-4ACD-9F65-9AB06D8F9DF4}.Release (Standalone)|x64.ActiveCfg = Release|x86
		{6B6B4D52-6F95-4ACD-9F65-9AB06D8F9DF4}.Release (Standalone)|x86.ActiveCfg = Release|x86
		{6B6B4D52-6F95-4ACD-9F65-9AB06D8F9DF4}.Release (Standalone)|x86.Build.0 = Release|x86
		{6B6B4D52-6F95-4ACD-9F65-9AB06D8F9DF4}.Release|Any CPU.ActiveCfg = Release|Any CPU
		{6B6B4D52-6F95-4ACD-9F65-9AB06D8F9DF4}.Release|Any CPU.Build.0 = Release|Any CPU
		{6B6B4D52-6F95-4ACD-9F65-9AB06D8F9DF4}.Release|Mixed Platforms.ActiveCfg = Release|x86
		{6B6B4D52-6F95-4ACD-9F65-9AB06D8F9DF4}.Release|Mixed Platforms.Build.0 = Release|x86
		{6B6B4D52-6F95-4ACD-9F65-9AB06D8F9DF4}.Release|x64.ActiveCfg = Release|x64
		{6B6B4D52-6F95-4ACD-9F65-9AB06D8F9DF4}.Release|x64.Build.0 = Release|x64
		{6B6B4D52-6F95-4ACD-9F65-9AB06D8F9DF4}.Release|x86.ActiveCfg = Release|x86
		{6B6B4D52-6F95-4ACD-9F65-9AB06D8F9DF4}.Release|x86.Build.0 = Release|x86
		{6B6B4D52-6F95-4ACD-9F65-9AB06D8F9DF4}.UseCaptureCardDefinitions|Any CPU.ActiveCfg = Release|x86
		{6B6B4D52-6F95-4ACD-9F65-9AB06D8F9DF4}.UseCaptureCardDefinitions|Mixed Platforms.ActiveCfg = Release|x86
		{6B6B4D52-6F95-4ACD-9F65-9AB06D8F9DF4}.UseCaptureCardDefinitions|Mixed Platforms.Build.0 = Release|x86
		{6B6B4D52-6F95-4ACD-9F65-9AB06D8F9DF4}.UseCaptureCardDefinitions|x64.ActiveCfg = Release|x86
		{6B6B4D52-6F95-4ACD-9F65-9AB06D8F9DF4}.UseCaptureCardDefinitions|x86.ActiveCfg = Release|x86
		{6B6B4D52-6F95-4ACD-9F65-9AB06D8F9DF4}.UseCaptureCardDefinitions|x86.Build.0 = Release|x86
		{6B6B4D52-6F95-4ACD-9F65-9AB06D8F9DF4}.UseCaptureDefintionsRelease|Any CPU.ActiveCfg = Release|Any CPU
		{6B6B4D52-6F95-4ACD-9F65-9AB06D8F9DF4}.UseCaptureDefintionsRelease|Any CPU.Build.0 = Release|Any CPU
		{6B6B4D52-6F95-4ACD-9F65-9AB06D8F9DF4}.UseCaptureDefintionsRelease|Mixed Platforms.ActiveCfg = Release|x86
		{6B6B4D52-6F95-4ACD-9F65-9AB06D8F9DF4}.UseCaptureDefintionsRelease|Mixed Platforms.Build.0 = Release|x86
		{6B6B4D52-6F95-4ACD-9F65-9AB06D8F9DF4}.UseCaptureDefintionsRelease|x64.ActiveCfg = Release|x64
		{6B6B4D52-6F95-4ACD-9F65-9AB06D8F9DF4}.UseCaptureDefintionsRelease|x64.Build.0 = Release|x64
		{6B6B4D52-6F95-4ACD-9F65-9AB06D8F9DF4}.UseCaptureDefintionsRelease|x86.ActiveCfg = Release|x86
		{6B6B4D52-6F95-4ACD-9F65-9AB06D8F9DF4}.UseCaptureDefintionsRelease|x86.Build.0 = Release|x86
		{37FA1F82-54BF-4A6B-AC14-90C09FBEB106}.Debug (Guzzi)|Any CPU.ActiveCfg = Debug
		{37FA1F82-54BF-4A6B-AC14-90C09FBEB106}.Debug (Guzzi)|Any CPU.Build.0 = Debug
		{37FA1F82-54BF-4A6B-AC14-90C09FBEB106}.Debug (Guzzi)|Mixed Platforms.ActiveCfg = Debug
		{37FA1F82-54BF-4A6B-AC14-90C09FBEB106}.Debug (Guzzi)|Mixed Platforms.Build.0 = Debug
		{37FA1F82-54BF-4A6B-AC14-90C09FBEB106}.Debug (Guzzi)|x64.ActiveCfg = Debug
		{37FA1F82-54BF-4A6B-AC14-90C09FBEB106}.Debug (Guzzi)|x64.Build.0 = Debug
		{37FA1F82-54BF-4A6B-AC14-90C09FBEB106}.Debug (Guzzi)|x86.ActiveCfg = Debug
		{37FA1F82-54BF-4A6B-AC14-90C09FBEB106}.Debug (Guzzi)|x86.Build.0 = Debug
		{37FA1F82-54BF-4A6B-AC14-90C09FBEB106}.Debug|Any CPU.ActiveCfg = Debug
		{37FA1F82-54BF-4A6B-AC14-90C09FBEB106}.Debug|Any CPU.Build.0 = Debug
		{37FA1F82-54BF-4A6B-AC14-90C09FBEB106}.Debug|Mixed Platforms.ActiveCfg = Debug
		{37FA1F82-54BF-4A6B-AC14-90C09FBEB106}.Debug|Mixed Platforms.Build.0 = Debug
		{37FA1F82-54BF-4A6B-AC14-90C09FBEB106}.Debug|x64.ActiveCfg = Debug
		{37FA1F82-54BF-4A6B-AC14-90C09FBEB106}.Debug|x64.Build.0 = Debug
		{37FA1F82-54BF-4A6B-AC14-90C09FBEB106}.Debug|x86.ActiveCfg = Debug
		{37FA1F82-54BF-4A6B-AC14-90C09FBEB106}.Debug|x86.Build.0 = Debug
		{37FA1F82-54BF-4A6B-AC14-90C09FBEB106}.Release (Standalone)|Any CPU.ActiveCfg = Release
		{37FA1F82-54BF-4A6B-AC14-90C09FBEB106}.Release (Standalone)|Any CPU.Build.0 = Release
		{37FA1F82-54BF-4A6B-AC14-90C09FBEB106}.Release (Standalone)|Mixed Platforms.ActiveCfg = Release
		{37FA1F82-54BF-4A6B-AC14-90C09FBEB106}.Release (Standalone)|Mixed Platforms.Build.0 = Release
		{37FA1F82-54BF-4A6B-AC14-90C09FBEB106}.Release (Standalone)|x64.ActiveCfg = Release
		{37FA1F82-54BF-4A6B-AC14-90C09FBEB106}.Release (Standalone)|x64.Build.0 = Release
		{37FA1F82-54BF-4A6B-AC14-90C09FBEB106}.Release (Standalone)|x86.ActiveCfg = Release
		{37FA1F82-54BF-4A6B-AC14-90C09FBEB106}.Release (Standalone)|x86.Build.0 = Release
		{37FA1F82-54BF-4A6B-AC14-90C09FBEB106}.Release|Any CPU.ActiveCfg = Release
		{37FA1F82-54BF-4A6B-AC14-90C09FBEB106}.Release|Any CPU.Build.0 = Release
		{37FA1F82-54BF-4A6B-AC14-90C09FBEB106}.Release|Mixed Platforms.ActiveCfg = Release
		{37FA1F82-54BF-4A6B-AC14-90C09FBEB106}.Release|Mixed Platforms.Build.0 = Release
		{37FA1F82-54BF-4A6B-AC14-90C09FBEB106}.Release|x64.ActiveCfg = Release
		{37FA1F82-54BF-4A6B-AC14-90C09FBEB106}.Release|x64.Build.0 = Release
		{37FA1F82-54BF-4A6B-AC14-90C09FBEB106}.Release|x86.ActiveCfg = Release
		{37FA1F82-54BF-4A6B-AC14-90C09FBEB106}.Release|x86.Build.0 = Release
		{37FA1F82-54BF-4A6B-AC14-90C09FBEB106}.UseCaptureCardDefinitions|Any CPU.ActiveCfg = Release
		{37FA1F82-54BF-4A6B-AC14-90C09FBEB106}.UseCaptureCardDefinitions|Any CPU.Build.0 = Release
		{37FA1F82-54BF-4A6B-AC14-90C09FBEB106}.UseCaptureCardDefinitions|Mixed Platforms.ActiveCfg = Release
		{37FA1F82-54BF-4A6B-AC14-90C09FBEB106}.UseCaptureCardDefinitions|Mixed Platforms.Build.0 = Release
		{37FA1F82-54BF-4A6B-AC14-90C09FBEB106}.UseCaptureCardDefinitions|x64.ActiveCfg = Release
		{37FA1F82-54BF-4A6B-AC14-90C09FBEB106}.UseCaptureCardDefinitions|x64.Build.0 = Release
		{37FA1F82-54BF-4A6B-AC14-90C09FBEB106}.UseCaptureCardDefinitions|x86.ActiveCfg = Release
		{37FA1F82-54BF-4A6B-AC14-90C09FBEB106}.UseCaptureCardDefinitions|x86.Build.0 = Release
		{37FA1F82-54BF-4A6B-AC14-90C09FBEB106}.UseCaptureDefintionsRelease|Any CPU.ActiveCfg = Release
		{37FA1F82-54BF-4A6B-AC14-90C09FBEB106}.UseCaptureDefintionsRelease|Any CPU.Build.0 = Release
		{37FA1F82-54BF-4A6B-AC14-90C09FBEB106}.UseCaptureDefintionsRelease|Mixed Platforms.ActiveCfg = Release
		{37FA1F82-54BF-4A6B-AC14-90C09FBEB106}.UseCaptureDefintionsRelease|Mixed Platforms.Build.0 = Release
		{37FA1F82-54BF-4A6B-AC14-90C09FBEB106}.UseCaptureDefintionsRelease|x64.ActiveCfg = Release
		{37FA1F82-54BF-4A6B-AC14-90C09FBEB106}.UseCaptureDefintionsRelease|x64.Build.0 = Release
		{37FA1F82-54BF-4A6B-AC14-90C09FBEB106}.UseCaptureDefintionsRelease|x86.ActiveCfg = Release
		{37FA1F82-54BF-4A6B-AC14-90C09FBEB106}.UseCaptureDefintionsRelease|x86.Build.0 = Release
		{20BCDBE0-0812-4235-9330-40B8E570DAE1}.Debug (Guzzi)|Any CPU.ActiveCfg = Debug (Guzzi)|Any CPU
		{20BCDBE0-0812-4235-9330-40B8E570DAE1}.Debug (Guzzi)|Any CPU.Build.0 = Debug (Guzzi)|Any CPU
		{20BCDBE0-0812-4235-9330-40B8E570DAE1}.Debug (Guzzi)|Mixed Platforms.ActiveCfg = Debug (Guzzi)|x86
		{20BCDBE0-0812-4235-9330-40B8E570DAE1}.Debug (Guzzi)|Mixed Platforms.Build.0 = Debug (Guzzi)|x86
		{20BCDBE0-0812-4235-9330-40B8E570DAE1}.Debug (Guzzi)|x64.ActiveCfg = Debug (Guzzi)|x86
		{20BCDBE0-0812-4235-9330-40B8E570DAE1}.Debug (Guzzi)|x86.ActiveCfg = Debug (Guzzi)|x86
		{20BCDBE0-0812-4235-9330-40B8E570DAE1}.Debug (Guzzi)|x86.Build.0 = Debug (Guzzi)|x86
		{20BCDBE0-0812-4235-9330-40B8E570DAE1}.Debug|Any CPU.ActiveCfg = Debug|Any CPU
		{20BCDBE0-0812-4235-9330-40B8E570DAE1}.Debug|Any CPU.Build.0 = Debug|Any CPU
		{20BCDBE0-0812-4235-9330-40B8E570DAE1}.Debug|Mixed Platforms.ActiveCfg = Debug|x86
		{20BCDBE0-0812-4235-9330-40B8E570DAE1}.Debug|Mixed Platforms.Build.0 = Debug|x86
		{20BCDBE0-0812-4235-9330-40B8E570DAE1}.Debug|x64.ActiveCfg = Debug|x86
		{20BCDBE0-0812-4235-9330-40B8E570DAE1}.Debug|x86.ActiveCfg = Debug|x86
		{20BCDBE0-0812-4235-9330-40B8E570DAE1}.Debug|x86.Build.0 = Debug|x86
		{20BCDBE0-0812-4235-9330-40B8E570DAE1}.Release (Standalone)|Any CPU.ActiveCfg = Release|x86
		{20BCDBE0-0812-4235-9330-40B8E570DAE1}.Release (Standalone)|Mixed Platforms.ActiveCfg = Release|x86
		{20BCDBE0-0812-4235-9330-40B8E570DAE1}.Release (Standalone)|Mixed Platforms.Build.0 = Release|x86
		{20BCDBE0-0812-4235-9330-40B8E570DAE1}.Release (Standalone)|x64.ActiveCfg = Release|x86
		{20BCDBE0-0812-4235-9330-40B8E570DAE1}.Release (Standalone)|x86.ActiveCfg = Release|x86
		{20BCDBE0-0812-4235-9330-40B8E570DAE1}.Release (Standalone)|x86.Build.0 = Release|x86
		{20BCDBE0-0812-4235-9330-40B8E570DAE1}.Release|Any CPU.ActiveCfg = Release|Any CPU
		{20BCDBE0-0812-4235-9330-40B8E570DAE1}.Release|Any CPU.Build.0 = Release|Any CPU
		{20BCDBE0-0812-4235-9330-40B8E570DAE1}.Release|Mixed Platforms.ActiveCfg = Release|x86
		{20BCDBE0-0812-4235-9330-40B8E570DAE1}.Release|Mixed Platforms.Build.0 = Release|x86
		{20BCDBE0-0812-4235-9330-40B8E570DAE1}.Release|x64.ActiveCfg = Release|x86
		{20BCDBE0-0812-4235-9330-40B8E570DAE1}.Release|x86.ActiveCfg = Release|x86
		{20BCDBE0-0812-4235-9330-40B8E570DAE1}.Release|x86.Build.0 = Release|x86
		{20BCDBE0-0812-4235-9330-40B8E570DAE1}.UseCaptureCardDefinitions|Any CPU.ActiveCfg = Debug (Guzzi)|x86
		{20BCDBE0-0812-4235-9330-40B8E570DAE1}.UseCaptureCardDefinitions|Mixed Platforms.ActiveCfg = Debug (Guzzi)|x86
		{20BCDBE0-0812-4235-9330-40B8E570DAE1}.UseCaptureCardDefinitions|Mixed Platforms.Build.0 = Debug (Guzzi)|x86
		{20BCDBE0-0812-4235-9330-40B8E570DAE1}.UseCaptureCardDefinitions|x64.ActiveCfg = Debug (Guzzi)|x86
		{20BCDBE0-0812-4235-9330-40B8E570DAE1}.UseCaptureCardDefinitions|x86.ActiveCfg = Debug (Guzzi)|x86
		{20BCDBE0-0812-4235-9330-40B8E570DAE1}.UseCaptureCardDefinitions|x86.Build.0 = Debug (Guzzi)|x86
		{20BCDBE0-0812-4235-9330-40B8E570DAE1}.UseCaptureDefintionsRelease|Any CPU.ActiveCfg = Release|Any CPU
		{20BCDBE0-0812-4235-9330-40B8E570DAE1}.UseCaptureDefintionsRelease|Any CPU.Build.0 = Release|Any CPU
		{20BCDBE0-0812-4235-9330-40B8E570DAE1}.UseCaptureDefintionsRelease|Mixed Platforms.ActiveCfg = Release|x86
		{20BCDBE0-0812-4235-9330-40B8E570DAE1}.UseCaptureDefintionsRelease|Mixed Platforms.Build.0 = Release|x86
		{20BCDBE0-0812-4235-9330-40B8E570DAE1}.UseCaptureDefintionsRelease|x64.ActiveCfg = Release|x86
		{20BCDBE0-0812-4235-9330-40B8E570DAE1}.UseCaptureDefintionsRelease|x86.ActiveCfg = Release|x86
		{20BCDBE0-0812-4235-9330-40B8E570DAE1}.UseCaptureDefintionsRelease|x86.Build.0 = Release|x86
	EndGlobalSection
	GlobalSection(SolutionProperties) = preSolution
		HideSolutionNode = FALSE
	EndGlobalSection
EndGlobal
